// !$*UTF8*$!
{
	archiveVersion = 1;
	classes = {
	};
	objectVersion = 55;
	objects = {

/* Begin PBXBuildFile section */
		2D9C16F328B8115C0046D7C8 /* AppDelegate.swift in Sources */ = {isa = PBXBuildFile; fileRef = 2D9C16F228B8115C0046D7C8 /* AppDelegate.swift */; };
		2D9C16F528B8115C0046D7C8 /* SceneDelegate.swift in Sources */ = {isa = PBXBuildFile; fileRef = 2D9C16F428B8115C0046D7C8 /* SceneDelegate.swift */; };
		2D9C16F728B8115C0046D7C8 /* ViewController.swift in Sources */ = {isa = PBXBuildFile; fileRef = 2D9C16F628B8115C0046D7C8 /* ViewController.swift */; };
		2D9C16FA28B8115C0046D7C8 /* Main.storyboard in Resources */ = {isa = PBXBuildFile; fileRef = 2D9C16F828B8115C0046D7C8 /* Main.storyboard */; };
		2D9C16FD28B8115C0046D7C8 /* Task_26_elizbar.xcdatamodeld in Sources */ = {isa = PBXBuildFile; fileRef = 2D9C16FB28B8115C0046D7C8 /* Task_26_elizbar.xcdatamodeld */; };
		2D9C16FF28B8115F0046D7C8 /* Assets.xcassets in Resources */ = {isa = PBXBuildFile; fileRef = 2D9C16FE28B8115F0046D7C8 /* Assets.xcassets */; };
		2D9C170228B8115F0046D7C8 /* LaunchScreen.storyboard in Resources */ = {isa = PBXBuildFile; fileRef = 2D9C170028B8115F0046D7C8 /* LaunchScreen.storyboard */; };
/* End PBXBuildFile section */

/* Begin PBXFileReference section */
		2D9C16EF28B8115C0046D7C8 /* Task_26_elizbar.app */ = {isa = PBXFileReference; explicitFileType = wrapper.application; includeInIndex = 0; path = Task_26_elizbar.app; sourceTree = BUILT_PRODUCTS_DIR; };
		2D9C16F228B8115C0046D7C8 /* AppDelegate.swift */ = {isa = PBXFileReference; lastKnownFileType = sourcecode.swift; path = AppDelegate.swift; sourceTree = "<group>"; };
		2D9C16F428B8115C0046D7C8 /* SceneDelegate.swift */ = {isa = PBXFileReference; lastKnownFileType = sourcecode.swift; path = SceneDelegate.swift; sourceTree = "<group>"; };
		2D9C16F628B8115C0046D7C8 /* ViewController.swift */ = {isa = PBXFileReference; lastKnownFileType = sourcecode.swift; path = ViewController.swift; sourceTree = "<group>"; };
		2D9C16F928B8115C0046D7C8 /* Base */ = {isa = PBXFileReference; lastKnownFileType = file.storyboard; name = Base; path = Base.lproj/Main.storyboard; sourceTree = "<group>"; };
		2D9C16FC28B8115C0046D7C8 /* Task_26_elizbar.xcdatamodel */ = {isa = PBXFileReference; lastKnownFileType = wrapper.xcdatamodel; path = Task_26_elizbar.xcdatamodel; sourceTree = "<group>"; };
		2D9C16FE28B8115F0046D7C8 /* Assets.xcassets */ = {isa = PBXFileReference; lastKnownFileType = folder.assetcatalog; path = Assets.xcassets; sourceTree = "<group>"; };
		2D9C170128B8115F0046D7C8 /* Base */ = {isa = PBXFileReference; lastKnownFileType = file.storyboard; name = Base; path = Base.lproj/LaunchScreen.storyboard; sourceTree = "<group>"; };
		2D9C170328B8115F0046D7C8 /* Info.plist */ = {isa = PBXFileReference; lastKnownFileType = text.plist.xml; path = Info.plist; sourceTree = "<group>"; };
/* End PBXFileReference section */

/* Begin PBXFrameworksBuildPhase section */
		2D9C16EC28B8115C0046D7C8 /* Frameworks */ = {
			isa = PBXFrameworksBuildPhase;
			buildActionMask = 2147483647;
			files = (
			);
			runOnlyForDeploymentPostprocessing = 0;
		};
/* End PBXFrameworksBuildPhase section */

/* Begin PBXGroup section */
		2D9C16E628B8115C0046D7C8 = {
			isa = PBXGroup;
			children = (
				2D9C16F128B8115C0046D7C8 /* Task_26_elizbar */,
				2D9C16F028B8115C0046D7C8 /* Products */,
			);
			sourceTree = "<group>";
		};
		2D9C16F028B8115C0046D7C8 /* Products */ = {
			isa = PBXGroup;
			children = (
				2D9C16EF28B8115C0046D7C8 /* Task_26_elizbar.app */,
			);
			name = Products;
			sourceTree = "<group>";
		};
		2D9C16F128B8115C0046D7C8 /* Task_26_elizbar */ = {
			isa = PBXGroup;
			children = (
				2D9C16F228B8115C0046D7C8 /* AppDelegate.swift */,
				2D9C16F428B8115C0046D7C8 /* SceneDelegate.swift */,
				2D9C16F628B8115C0046D7C8 /* ViewController.swift */,
				2D9C16F828B8115C0046D7C8 /* Main.storyboard */,
				2D9C16FE28B8115F0046D7C8 /* Assets.xcassets */,
				2D9C170028B8115F0046D7C8 /* LaunchScreen.storyboard */,
				2D9C170328B8115F0046D7C8 /* Info.plist */,
				2D9C16FB28B8115C0046D7C8 /* Task_26_elizbar.xcdatamodeld */,
			);
			path = Task_26_elizbar;
			sourceTree = "<group>";
		};
/* End PBXGroup section */

/* Begin PBXNativeTarget section */
		2D9C16EE28B8115C0046D7C8 /* Task_26_elizbar */ = {
			isa = PBXNativeTarget;
			buildConfigurationList = 2D9C170628B8115F0046D7C8 /* Build configuration list for PBXNativeTarget "Task_26_elizbar" */;
			buildPhases = (
				2D9C16EB28B8115C0046D7C8 /* Sources */,
				2D9C16EC28B8115C0046D7C8 /* Frameworks */,
				2D9C16ED28B8115C0046D7C8 /* Resources */,
			);
			buildRules = (
			);
			dependencies = (
			);
			name = Task_26_elizbar;
			productName = Task_26_elizbar;
			productReference = 2D9C16EF28B8115C0046D7C8 /* Task_26_elizbar.app */;
			productType = "com.apple.product-type.application";
		};
/* End PBXNativeTarget section */

/* Begin PBXProject section */
		2D9C16E728B8115C0046D7C8 /* Project object */ = {
			isa = PBXProject;
			attributes = {
				BuildIndependentTargetsInParallel = 1;
				LastSwiftUpdateCheck = 1340;
				LastUpgradeCheck = 1340;
				TargetAttributes = {
					2D9C16EE28B8115C0046D7C8 = {
						CreatedOnToolsVersion = 13.4.1;
					};
				};
			};
			buildConfigurationList = 2D9C16EA28B8115C0046D7C8 /* Build configuration list for PBXProject "Task_26_elizbar" */;
			compatibilityVersion = "Xcode 13.0";
			developmentRegion = en;
			hasScannedForEncodings = 0;
			knownRegions = (
				en,
				Base,
			);
			mainGroup = 2D9C16E628B8115C0046D7C8;
			productRefGroup = 2D9C16F028B8115C0046D7C8 /* Products */;
			projectDirPath = "";
			projectRoot = "";
			targets = (
				2D9C16EE28B8115C0046D7C8 /* Task_26_elizbar */,
			);
		};
/* End PBXProject section */

/* Begin PBXResourcesBuildPhase section */
		2D9C16ED28B8115C0046D7C8 /* Resources */ = {
			isa = PBXResourcesBuildPhase;
			buildActionMask = 2147483647;
			files = (
				2D9C170228B8115F0046D7C8 /* LaunchScreen.storyboard in Resources */,
				2D9C16FF28B8115F0046D7C8 /* Assets.xcassets in Resources */,
				2D9C16FA28B8115C0046D7C8 /* Main.storyboard in Resources */,
			);
			runOnlyForDeploymentPostprocessing = 0;
		};
/* End PBXResourcesBuildPhase section */

/* Begin PBXSourcesBuildPhase section */
		2D9C16EB28B8115C0046D7C8 /* Sources */ = {
			isa = PBXSourcesBuildPhase;
			buildActionMask = 2147483647;
			files = (
				2D9C16F728B8115C0046D7C8 /* ViewController.swift in Sources */,
				2D9C16F328B8115C0046D7C8 /* AppDelegate.swift in Sources */,
				2D9C16FD28B8115C0046D7C8 /* Task_26_elizbar.xcdatamodeld in Sources */,
				2D9C16F528B8115C0046D7C8 /* SceneDelegate.swift in Sources */,
			);
			runOnlyForDeploymentPostprocessing = 0;
		};
/* End PBXSourcesBuildPhase section */

/* Begin PBXVariantGroup section */
		2D9C16F828B8115C0046D7C8 /* Main.storyboard */ = {
			isa = PBXVariantGroup;
			children = (
				2D9C16F928B8115C0046D7C8 /* Base */,
			);
			name = Main.storyboard;
			sourceTree = "<group>";
		};
		2D9C170028B8115F0046D7C8 /* LaunchScreen.storyboard */ = {
			isa = PBXVariantGroup;
			children = (
				2D9C170128B8115F0046D7C8 /* Base */,
			);
			name = LaunchScreen.storyboard;
			sourceTree = "<group>";
		};
/* End PBXVariantGroup section */

/* Begin XCBuildConfiguration section */
		2D9C170428B8115F0046D7C8 /* Debug */ = {
			isa = XCBuildConfiguration;
			buildSettings = {
				ALWAYS_SEARCH_USER_PATHS = NO;
				CLANG_ANALYZER_NONNULL = YES;
				CLANG_ANALYZER_NUMBER_OBJECT_CONVERSION = YES_AGGRESSIVE;
				CLANG_CXX_LANGUAGE_STANDARD = "gnu++17";
				CLANG_ENABLE_MODULES = YES;
				CLANG_ENABLE_OBJC_ARC = YES;
				CLANG_ENABLE_OBJC_WEAK = YES;
				CLANG_WARN_BLOCK_CAPTURE_AUTORELEASING = YES;
				CLANG_WARN_BOOL_CONVERSION = YES;
				CLANG_WARN_COMMA = YES;
				CLANG_WARN_CONSTANT_CONVERSION = YES;
				CLANG_WARN_DEPRECATED_OBJC_IMPLEMENTATIONS = YES;
				CLANG_WARN_DIRECT_OBJC_ISA_USAGE = YES_ERROR;
				CLANG_WARN_DOCUMENTATION_COMMENTS = YES;
				CLANG_WARN_EMPTY_BODY = YES;
				CLANG_WARN_ENUM_CONVERSION = YES;
				CLANG_WARN_INFINITE_RECURSION = YES;
				CLANG_WARN_INT_CONVERSION = YES;
				CLANG_WARN_NON_LITERAL_NULL_CONVERSION = YES;
				CLANG_WARN_OBJC_IMPLICIT_RETAIN_SELF = YES;
				CLANG_WARN_OBJC_LITERAL_CONVERSION = YES;
				CLANG_WARN_OBJC_ROOT_CLASS = YES_ERROR;
				CLANG_WARN_QUOTED_INCLUDE_IN_FRAMEWORK_HEADER = YES;
				CLANG_WARN_RANGE_LOOP_ANALYSIS = YES;
				CLANG_WARN_STRICT_PROTOTYPES = YES;
				CLANG_WARN_SUSPICIOUS_MOVE = YES;
				CLANG_WARN_UNGUARDED_AVAILABILITY = YES_AGGRESSIVE;
				CLANG_WARN_UNREACHABLE_CODE = YES;
				CLANG_WARN__DUPLICATE_METHOD_MATCH = YES;
				COPY_PHASE_STRIP = NO;
				DEBUG_INFORMATION_FORMAT = dwarf;
				ENABLE_STRICT_OBJC_MSGSEND = YES;
				ENABLE_TESTABILITY = YES;
				GCC_C_LANGUAGE_STANDARD = gnu11;
				GCC_DYNAMIC_NO_PIC = NO;
				GCC_NO_COMMON_BLOCKS = YES;
				GCC_OPTIMIZATION_LEVEL = 0;
				GCC_PREPROCESSOR_DEFINITIONS = (
					"DEBUG=1",
					"$(inherited)",
				);
				GCC_WARN_64_TO_32_BIT_CONVERSION = YES;
				GCC_WARN_ABOUT_RETURN_TYPE = YES_ERROR;
				GCC_WARN_UNDECLARED_SELECTOR = YES;
				GCC_WARN_UNINITIALIZED_AUTOS = YES_AGGRESSIVE;
				GCC_WARN_UNUSED_FUNCTION = YES;
				GCC_WARN_UNUSED_VARIABLE = YES;
				IPHONEOS_DEPLOYMENT_TARGET = 15.5;
				MTL_ENABLE_DEBUG_INFO = INCLUDE_SOURCE;
				MTL_FAST_MATH = YES;
				ONLY_ACTIVE_ARCH = YES;
				SDKROOT = iphoneos;
				SWIFT_ACTIVE_COMPILATION_CONDITIONS = DEBUG;
				SWIFT_OPTIMIZATION_LEVEL = "-Onone";
			};
			name = Debug;
		};
		2D9C170528B8115F0046D7C8 /* Release */ = {
			isa = XCBuildConfiguration;
			buildSettings = {
				ALWAYS_SEARCH_USER_PATHS = NO;
				CLANG_ANALYZER_NONNULL = YES;
				CLANG_ANALYZER_NUMBER_OBJECT_CONVERSION = YES_AGGRESSIVE;
				CLANG_CXX_LANGUAGE_STANDARD = "gnu++17";
				CLANG_ENABLE_MODULES = YES;
				CLANG_ENABLE_OBJC_ARC = YES;
				CLANG_ENABLE_OBJC_WEAK = YES;
				CLANG_WARN_BLOCK_CAPTURE_AUTORELEASING = YES;
				CLANG_WARN_BOOL_CONVERSION = YES;
				CLANG_WARN_COMMA = YES;
				CLANG_WARN_CONSTANT_CONVERSION = YES;
				CLANG_WARN_DEPRECATED_OBJC_IMPLEMENTATIONS = YES;
				CLANG_WARN_DIRECT_OBJC_ISA_USAGE = YES_ERROR;
				CLANG_WARN_DOCUMENTATION_COMMENTS = YES;
				CLANG_WARN_EMPTY_BODY = YES;
				CLANG_WARN_ENUM_CONVERSION = YES;
				CLANG_WARN_INFINITE_RECURSION = YES;
				CLANG_WARN_INT_CONVERSION = YES;
				CLANG_WARN_NON_LITERAL_NULL_CONVERSION = YES;
				CLANG_WARN_OBJC_IMPLICIT_RETAIN_SELF = YES;
				CLANG_WARN_OBJC_LITERAL_CONVERSION = YES;
				CLANG_WARN_OBJC_ROOT_CLASS = YES_ERROR;
				CLANG_WARN_QUOTED_INCLUDE_IN_FRAMEWORK_HEADER = YES;
				CLANG_WARN_RANGE_LOOP_ANALYSIS = YES;
				CLANG_WARN_STRICT_PROTOTYPES = YES;
				CLANG_WARN_SUSPICIOUS_MOVE = YES;
				CLANG_WARN_UNGUARDED_AVAILABILITY = YES_AGGRESSIVE;
				CLANG_WARN_UNREACHABLE_CODE = YES;
				CLANG_WARN__DUPLICATE_METHOD_MATCH = YES;
				COPY_PHASE_STRIP = NO;
				DEBUG_INFORMATION_FORMAT = "dwarf-with-dsym";
				ENABLE_NS_ASSERTIONS = NO;
				ENABLE_STRICT_OBJC_MSGSEND = YES;
				GCC_C_LANGUAGE_STANDARD = gnu11;
				GCC_NO_COMMON_BLOCKS = YES;
				GCC_WARN_64_TO_32_BIT_CONVERSION = YES;
				GCC_WARN_ABOUT_RETURN_TYPE = YES_ERROR;
				GCC_WARN_UNDECLARED_SELECTOR = YES;
				GCC_WARN_UNINITIALIZED_AUTOS = YES_AGGRESSIVE;
				GCC_WARN_UNUSED_FUNCTION = YES;
				GCC_WARN_UNUSED_VARIABLE = YES;
				IPHONEOS_DEPLOYMENT_TARGET = 15.5;
				MTL_ENABLE_DEBUG_INFO = NO;
				MTL_FAST_MATH = YES;
				SDKROOT = iphoneos;
				SWIFT_COMPILATION_MODE = wholemodule;
				SWIFT_OPTIMIZATION_LEVEL = "-O";
				VALIDATE_PRODUCT = YES;
			};
			name = Release;
		};
		2D9C170728B8115F0046D7C8 /* Debug */ = {
			isa = XCBuildConfiguration;
			buildSettings = {
				ASSETCATALOG_COMPILER_APPICON_NAME = AppIcon;
				ASSETCATALOG_COMPILER_GLOBAL_ACCENT_COLOR_NAME = AccentColor;
				CODE_SIGN_STYLE = Automatic;
				CURRENT_PROJECT_VERSION = 1;
				DEVELOPMENT_TEAM = R2WDS6ZMQ6;
				GENERATE_INFOPLIST_FILE = YES;
				INFOPLIST_FILE = Task_26_elizbar/Info.plist;
				INFOPLIST_KEY_UIApplicationSupportsIndirectInputEvents = YES;
				INFOPLIST_KEY_UILaunchStoryboardName = LaunchScreen;
				INFOPLIST_KEY_UIMainStoryboardFile = Main;
				INFOPLIST_KEY_UISupportedInterfaceOrientations_iPad = "UIInterfaceOrientationPortrait UIInterfaceOrientationPortraitUpsideDown UIInterfaceOrientationLandscapeLeft UIInterfaceOrientationLandscapeRight";
				INFOPLIST_KEY_UISupportedInterfaceOrientations_iPhone = "UIInterfaceOrientationPortrait UIInterfaceOrientationLandscapeLeft UIInterfaceOrientationLandscapeRight";
				LD_RUNPATH_SEARCH_PATHS = (
					"$(inherited)",
					"@executable_path/Frameworks",
				);
				MARKETING_VERSION = 1.0;
				PRODUCT_BUNDLE_IDENTIFIER = "Elizbar-Personal.Task-26-elizbar";
				PRODUCT_NAME = "$(TARGET_NAME)";
				SWIFT_EMIT_LOC_STRINGS = YES;
				SWIFT_VERSION = 5.0;
				TARGETED_DEVICE_FAMILY = "1,2";
			};
			name = Debug;
		};
		2D9C170828B8115F0046D7C8 /* Release */ = {
			isa = XCBuildConfiguration;
			buildSettings = {
				ASSETCATALOG_COMPILER_APPICON_NAME = AppIcon;
				ASSETCATALOG_COMPILER_GLOBAL_ACCENT_COLOR_NAME = AccentColor;
				CODE_SIGN_STYLE = Automatic;
				CURRENT_PROJECT_VERSION = 1;
				DEVELOPMENT_TEAM = R2WDS6ZMQ6;
				GENERATE_INFOPLIST_FILE = YES;
				INFOPLIST_FILE = Task_26_elizbar/Info.plist;
				INFOPLIST_KEY_UIApplicationSupportsIndirectInputEvents = YES;
				INFOPLIST_KEY_UILaunchStoryboardName = LaunchScreen;
				INFOPLIST_KEY_UIMainStoryboardFile = Main;
				INFOPLIST_KEY_UISupportedInterfaceOrientations_iPad = "UIInterfaceOrientationPortrait UIInterfaceOrientationPortraitUpsideDown UIInterfaceOrientationLandscapeLeft UIInterfaceOrientationLandscapeRight";
				INFOPLIST_KEY_UISupportedInterfaceOrientations_iPhone = "UIInterfaceOrientationPortrait UIInterfaceOrientationLandscapeLeft UIInterfaceOrientationLandscapeRight";
				LD_RUNPATH_SEARCH_PATHS = (
					"$(inherited)",
					"@executable_path/Frameworks",
				);
				MARKETING_VERSION = 1.0;
				PRODUCT_BUNDLE_IDENTIFIER = "Elizbar-Personal.Task-26-elizbar";
				PRODUCT_NAME = "$(TARGET_NAME)";
				SWIFT_EMIT_LOC_STRINGS = YES;
				SWIFT_VERSION = 5.0;
				TARGETED_DEVICE_FAMILY = "1,2";
			};
			name = Release;
		};
/* End XCBuildConfiguration section */

/* Begin XCConfigurationList section */
		2D9C16EA28B8115C0046D7C8 /* Build configuration list for PBXProject "Task_26_elizbar" */ = {
			isa = XCConfigurationList;
			buildConfigurations = (
				2D9C170428B8115F0046D7C8 /* Debug */,
				2D9C170528B8115F0046D7C8 /* Release */,
			);
			defaultConfigurationIsVisible = 0;
			defaultConfigurationName = Release;
		};
		2D9C170628B8115F0046D7C8 /* Build configuration list for PBXNativeTarget "Task_26_elizbar" */ = {
			isa = XCConfigurationList;
			buildConfigurations = (
				2D9C170728B8115F0046D7C8 /* Debug */,
				2D9C170828B8115F0046D7C8 /* Release */,
			);
			defaultConfigurationIsVisible = 0;
			defaultConfigurationName = Release;
		};
/* End XCConfigurationList section */

/* Begin XCVersionGroup section */
		2D9C16FB28B8115C0046D7C8 /* Task_26_elizbar.xcdatamodeld */ = {
			isa = XCVersionGroup;
			children = (
				2D9C16FC28B8115C0046D7C8 /* Task_26_elizbar.xcdatamodel */,
			);
			currentVersion = 2D9C16FC28B8115C0046D7C8 /* Task_26_elizbar.xcdatamodel */;
			path = Task_26_elizbar.xcdatamodeld;
			sourceTree = "<group>";
			versionGroupType = wrapper.xcdatamodel;
		};
/* End XCVersionGroup section */
	};
	rootObject = 2D9C16E728B8115C0046D7C8 /* Project object */;
}
